
Microsoft Visual Studio Solution File, Format Version 12.00
# Visual Studio 15
VisualStudioVersion = 15.0.28010.2003
MinimumVisualStudioVersion = 10.0.40219.1
Project("{FAE04EC0-301F-11D3-BF4B-00C04F79EFBC}") = "RenewalLetterGenerator", "RenewalLetterGenerator\RenewalLetterGenerator.csproj", "{F3BD9E34-1540-4B7C-BA19-4CDC2270E7FB}"
EndProject
Project("{FAE04EC0-301F-11D3-BF4B-00C04F79EFBC}") = "RenewalLetterGeneratorUnitTests", "RenewalLetterGeneratorUnitTests\RenewalLetterGeneratorUnitTests.csproj", "{7C24E997-5AB2-46EE-8DB3-83CD61E48FAF}"
EndProject
Project("{FAE04EC0-301F-11D3-BF4B-00C04F79EFBC}") = "RenewLetterGenerator.Interfaces", "RenewLetterGenerator.Interfaces\RenewLetterGenerator.Interfaces.csproj", "{696E7DA6-1270-4101-8B0A-E3F0396B872F}"
EndProject
Project("{FAE04EC0-301F-11D3-BF4B-00C04F79EFBC}") = "RenewLetterGenerator.Models", "RenewLetterGeneratorModels\RenewLetterGenerator.Models.csproj", "{9FBC806A-B0B9-41BD-8EED-8ACBB61E134C}"
EndProject
Project("{FAE04EC0-301F-11D3-BF4B-00C04F79EFBC}") = "RenewalLetterGenerator.Service", "RenewalLetterGenerator.Service\RenewalLetterGenerator.Service.csproj", "{5943EF44-75BB-4798-92ED-B57777430A17}"
EndProject
Global
	GlobalSection(SolutionConfigurationPlatforms) = preSolution
		Debug|Any CPU = Debug|Any CPU
		Release|Any CPU = Release|Any CPU
	EndGlobalSection
	GlobalSection(ProjectConfigurationPlatforms) = postSolution
		{F3BD9E34-1540-4B7C-BA19-4CDC2270E7FB}.Debug|Any CPU.ActiveCfg = Debug|Any CPU
		{F3BD9E34-1540-4B7C-BA19-4CDC2270E7FB}.Debug|Any CPU.Build.0 = Debug|Any CPU
		{F3BD9E34-1540-4B7C-BA19-4CDC2270E7FB}.Release|Any CPU.ActiveCfg = Release|Any CPU
		{F3BD9E34-1540-4B7C-BA19-4CDC2270E7FB}.Release|Any CPU.Build.0 = Release|Any CPU
		{7C24E997-5AB2-46EE-8DB3-83CD61E48FAF}.Debug|Any CPU.ActiveCfg = Debug|Any CPU
		{7C24E997-5AB2-46EE-8DB3-83CD61E48FAF}.Debug|Any CPU.Build.0 = Debug|Any CPU
		{7C24E997-5AB2-46EE-8DB3-83CD61E48FAF}.Release|Any CPU.ActiveCfg = Release|Any CPU
		{7C24E997-5AB2-46EE-8DB3-83CD61E48FAF}.Release|Any CPU.Build.0 = Release|Any CPU
		{696E7DA6-1270-4101-8B0A-E3F0396B872F}.Debug|Any CPU.ActiveCfg = Debug|Any CPU
		{696E7DA6-1270-4101-8B0A-E3F0396B872F}.Debug|Any CPU.Build.0 = Debug|Any CPU
		{696E7DA6-1270-4101-8B0A-E3F0396B872F}.Release|Any CPU.ActiveCfg = Release|Any CPU
		{696E7DA6-1270-4101-8B0A-E3F0396B872F}.Release|Any CPU.Build.0 = Release|Any CPU
		{9FBC806A-B0B9-41BD-8EED-8ACBB61E134C}.Debug|Any CPU.ActiveCfg = Debug|Any CPU
		{9FBC806A-B0B9-41BD-8EED-8ACBB61E134C}.Debug|Any CPU.Build.0 = Debug|Any CPU
		{9FBC806A-B0B9-41BD-8EED-8ACBB61E134C}.Release|Any CPU.ActiveCfg = Release|Any CPU
		{9FBC806A-B0B9-41BD-8EED-8ACBB61E134C}.Release|Any CPU.Build.0 = Release|Any CPU
		{5943EF44-75BB-4798-92ED-B57777430A17}.Debug|Any CPU.ActiveCfg = Debug|Any CPU
		{5943EF44-75BB-4798-92ED-B57777430A17}.Debug|Any CPU.Build.0 = Debug|Any CPU
		{5943EF44-75BB-4798-92ED-B57777430A17}.Release|Any CPU.ActiveCfg = Release|Any CPU
		{5943EF44-75BB-4798-92ED-B57777430A17}.Release|Any CPU.Build.0 = Release|Any CPU
	EndGlobalSection
	GlobalSection(SolutionProperties) = preSolution
		HideSolutionNode = FALSE
	EndGlobalSection
	GlobalSection(ExtensibilityGlobals) = postSolution
		SolutionGuid = {9B6C24C5-2EA6-4CBE-82CB-463E4360BBD7}
	EndGlobalSection
EndGlobal
